
Microsoft Visual Studio Solution File, Format Version 12.00
# Visual Studio Version 17
VisualStudioVersion = 17.8.34309.116
MinimumVisualStudioVersion = 10.0.40219.1
Project("{FAE04EC0-301F-11D3-BF4B-00C04F79EFBC}") = "RetailSystem.Domain", "RetailSystem.Domain\RetailSystem.Domain.csproj", "{F4BBA0A9-FFE6-417B-A310-5E73348CCC8D}"
EndProject
Project("{FAE04EC0-301F-11D3-BF4B-00C04F79EFBC}") = "RetailSystem.Infrastructure", "RetailSystem.Infrastructure\RetailSystem.Infrastructure.csproj", "{8BBD4147-666C-4E56-9AE6-C7DDCC294AA2}"
EndProject
Project("{FAE04EC0-301F-11D3-BF4B-00C04F79EFBC}") = "RetailSystem.Application", "RetailSystem.Application\RetailSystem.Application.csproj", "{9291862B-EE89-4A45-A079-05B42CCB1C6A}"
EndProject
Project("{FAE04EC0-301F-11D3-BF4B-00C04F79EFBC}") = "RetailSystem", "RetailSystem\RetailSystem.csproj", "{C7C3A2F0-8DF0-4ADD-B246-8F5AD1FF1CAC}"
EndProject
Global
	GlobalSection(SolutionConfigurationPlatforms) = preSolution
		Debug|Any CPU = Debug|Any CPU
		Release|Any CPU = Release|Any CPU
	EndGlobalSection
	GlobalSection(ProjectConfigurationPlatforms) = postSolution
		{F4BBA0A9-FFE6-417B-A310-5E73348CCC8D}.Debug|Any CPU.ActiveCfg = Debug|Any CPU
		{F4BBA0A9-FFE6-417B-A310-5E73348CCC8D}.Debug|Any CPU.Build.0 = Debug|Any CPU
		{F4BBA0A9-FFE6-417B-A310-5E73348CCC8D}.Release|Any CPU.ActiveCfg = Release|Any CPU
		{F4BBA0A9-FFE6-417B-A310-5E73348CCC8D}.Release|Any CPU.Build.0 = Release|Any CPU
		{8BBD4147-666C-4E56-9AE6-C7DDCC294AA2}.Debug|Any CPU.ActiveCfg = Debug|Any CPU
		{8BBD4147-666C-4E56-9AE6-C7DDCC294AA2}.Debug|Any CPU.Build.0 = Debug|Any CPU
		{8BBD4147-666C-4E56-9AE6-C7DDCC294AA2}.Release|Any CPU.ActiveCfg = Release|Any CPU
		{8BBD4147-666C-4E56-9AE6-C7DDCC294AA2}.Release|Any CPU.Build.0 = Release|Any CPU
		{9291862B-EE89-4A45-A079-05B42CCB1C6A}.Debug|Any CPU.ActiveCfg = Debug|Any CPU
		{9291862B-EE89-4A45-A079-05B42CCB1C6A}.Debug|Any CPU.Build.0 = Debug|Any CPU
		{9291862B-EE89-4A45-A079-05B42CCB1C6A}.Release|Any CPU.ActiveCfg = Release|Any CPU
		{9291862B-EE89-4A45-A079-05B42CCB1C6A}.Release|Any CPU.Build.0 = Release|Any CPU
		{C7C3A2F0-8DF0-4ADD-B246-8F5AD1FF1CAC}.Debug|Any CPU.ActiveCfg = Debug|Any CPU
		{C7C3A2F0-8DF0-4ADD-B246-8F5AD1FF1CAC}.Debug|Any CPU.Build.0 = Debug|Any CPU
		{C7C3A2F0-8DF0-4ADD-B246-8F5AD1FF1CAC}.Release|Any CPU.ActiveCfg = Release|Any CPU
		{C7C3A2F0-8DF0-4ADD-B246-8F5AD1FF1CAC}.Release|Any CPU.Build.0 = Release|Any CPU
	EndGlobalSection
	GlobalSection(SolutionProperties) = preSolution
		HideSolutionNode = FALSE
	EndGlobalSection
	GlobalSection(ExtensibilityGlobals) = postSolution
		SolutionGuid = {FE20EAE1-64B6-4D59-AAC0-0A9666AD9989}
	EndGlobalSection
EndGlobal
